
Microsoft Visual Studio Solution File, Format Version 12.00
# Visual Studio 15
VisualStudioVersion = 15.0.26730.16
MinimumVisualStudioVersion = 10.0.40219.1
Project("{FAE04EC0-301F-11D3-BF4B-00C04F79EFBC}") = "FileList", "FileList\FileList.csproj", "{5F85F5CE-E307-48B8-9811-EFADDDAE138D}"
EndProject
Project("{FAE04EC0-301F-11D3-BF4B-00C04F79EFBC}") = "Example", "FileListExample\Example.csproj", "{8907891C-CCF7-4471-9454-F20967994E54}"
	ProjectSection(ProjectDependencies) = postProject
		{5F85F5CE-E307-48B8-9811-EFADDDAE138D} = {5F85F5CE-E307-48B8-9811-EFADDDAE138D}
	EndProjectSection
EndProject
Global
	GlobalSection(SolutionConfigurationPlatforms) = preSolution
		Ad-Hoc|Any CPU = Ad-Hoc|Any CPU
		Ad-Hoc|iPhone = Ad-Hoc|iPhone
		Ad-Hoc|iPhoneSimulator = Ad-Hoc|iPhoneSimulator
		AppStore|Any CPU = AppStore|Any CPU
		AppStore|iPhone = AppStore|iPhone
		AppStore|iPhoneSimulator = AppStore|iPhoneSimulator
		Debug|Any CPU = Debug|Any CPU
		Debug|iPhone = Debug|iPhone
		Debug|iPhoneSimulator = Debug|iPhoneSimulator
		Release|Any CPU = Release|Any CPU
		Release|iPhone = Release|iPhone
		Release|iPhoneSimulator = Release|iPhoneSimulator
	EndGlobalSection
	GlobalSection(ProjectConfigurationPlatforms) = postSolution
		{5F85F5CE-E307-48B8-9811-EFADDDAE138D}.Ad-Hoc|Any CPU.ActiveCfg = Release|Any CPU
		{5F85F5CE-E307-48B8-9811-EFADDDAE138D}.Ad-Hoc|Any CPU.Build.0 = Release|Any CPU
		{5F85F5CE-E307-48B8-9811-EFADDDAE138D}.Ad-Hoc|iPhone.ActiveCfg = Release|Any CPU
		{5F85F5CE-E307-48B8-9811-EFADDDAE138D}.Ad-Hoc|iPhone.Build.0 = Release|Any CPU
		{5F85F5CE-E307-48B8-9811-EFADDDAE138D}.Ad-Hoc|iPhoneSimulator.ActiveCfg = Release|Any CPU
		{5F85F5CE-E307-48B8-9811-EFADDDAE138D}.Ad-Hoc|iPhoneSimulator.Build.0 = Release|Any CPU
		{5F85F5CE-E307-48B8-9811-EFADDDAE138D}.AppStore|Any CPU.ActiveCfg = Release|Any CPU
		{5F85F5CE-E307-48B8-9811-EFADDDAE138D}.AppStore|Any CPU.Build.0 = Release|Any CPU
		{5F85F5CE-E307-48B8-9811-EFADDDAE138D}.AppStore|iPhone.ActiveCfg = Release|Any CPU
		{5F85F5CE-E307-48B8-9811-EFADDDAE138D}.AppStore|iPhone.Build.0 = Release|Any CPU
		{5F85F5CE-E307-48B8-9811-EFADDDAE138D}.AppStore|iPhoneSimulator.ActiveCfg = Release|Any CPU
		{5F85F5CE-E307-48B8-9811-EFADDDAE138D}.AppStore|iPhoneSimulator.Build.0 = Release|Any CPU
		{5F85F5CE-E307-48B8-9811-EFADDDAE138D}.Debug|Any CPU.ActiveCfg = Debug|Any CPU
		{5F85F5CE-E307-48B8-9811-EFADDDAE138D}.Debug|Any CPU.Build.0 = Debug|Any CPU
		{5F85F5CE-E307-48B8-9811-EFADDDAE138D}.Debug|iPhone.ActiveCfg = Debug|Any CPU
		{5F85F5CE-E307-48B8-9811-EFADDDAE138D}.Debug|iPhone.Build.0 = Debug|Any CPU
		{5F85F5CE-E307-48B8-9811-EFADDDAE138D}.Debug|iPhoneSimulator.ActiveCfg = Debug|Any CPU
		{5F85F5CE-E307-48B8-9811-EFADDDAE138D}.Debug|iPhoneSimulator.Build.0 = Debug|Any CPU
		{5F85F5CE-E307-48B8-9811-EFADDDAE138D}.Release|Any CPU.ActiveCfg = Release|Any CPU
		{5F85F5CE-E307-48B8-9811-EFADDDAE138D}.Release|Any CPU.Build.0 = Release|Any CPU
		{5F85F5CE-E307-48B8-9811-EFADDDAE138D}.Release|iPhone.ActiveCfg = Release|Any CPU
		{5F85F5CE-E307-48B8-9811-EFADDDAE138D}.Release|iPhone.Build.0 = Release|Any CPU
		{5F85F5CE-E307-48B8-9811-EFADDDAE138D}.Release|iPhoneSimulator.ActiveCfg = Release|Any CPU
		{5F85F5CE-E307-48B8-9811-EFADDDAE138D}.Release|iPhoneSimulator.Build.0 = Release|Any CPU
		{8907891C-CCF7-4471-9454-F20967994E54}.Ad-Hoc|Any CPU.ActiveCfg = Release|Any CPU
		{8907891C-CCF7-4471-9454-F20967994E54}.Ad-Hoc|Any CPU.Build.0 = Release|Any CPU
		{8907891C-CCF7-4471-9454-F20967994E54}.Ad-Hoc|Any CPU.Deploy.0 = Release|Any CPU
		{8907891C-CCF7-4471-9454-F20967994E54}.Ad-Hoc|iPhone.ActiveCfg = Release|Any CPU
		{8907891C-CCF7-4471-9454-F20967994E54}.Ad-Hoc|iPhone.Build.0 = Release|Any CPU
		{8907891C-CCF7-4471-9454-F20967994E54}.Ad-Hoc|iPhone.Deploy.0 = Release|Any CPU
		{8907891C-CCF7-4471-9454-F20967994E54}.Ad-Hoc|iPhoneSimulator.ActiveCfg = Release|Any CPU
		{8907891C-CCF7-4471-9454-F20967994E54}.Ad-Hoc|iPhoneSimulator.Build.0 = Release|Any CPU
		{8907891C-CCF7-4471-9454-F20967994E54}.Ad-Hoc|iPhoneSimulator.Deploy.0 = Release|Any CPU
		{8907891C-CCF7-4471-9454-F20967994E54}.AppStore|Any CPU.ActiveCfg = Release|Any CPU
		{8907891C-CCF7-4471-9454-F20967994E54}.AppStore|Any CPU.Build.0 = Release|Any CPU
		{8907891C-CCF7-4471-9454-F20967994E54}.AppStore|Any CPU.Deploy.0 = Release|Any CPU
		{8907891C-CCF7-4471-9454-F20967994E54}.AppStore|iPhone.ActiveCfg = Release|Any CPU
		{8907891C-CCF7-4471-9454-F20967994E54}.AppStore|iPhone.Build.0 = Release|Any CPU
		{8907891C-CCF7-4471-9454-F20967994E54}.AppStore|iPhone.Deploy.0 = Release|Any CPU
		{8907891C-CCF7-4471-9454-F20967994E54}.AppStore|iPhoneSimulator.ActiveCfg = Release|Any CPU
		{8907891C-CCF7-4471-9454-F20967994E54}.AppStore|iPhoneSimulator.Build.0 = Release|Any CPU
		{8907891C-CCF7-4471-9454-F20967994E54}.AppStore|iPhoneSimulator.Deploy.0 = Release|Any CPU
		{8907891C-CCF7-4471-9454-F20967994E54}.Debug|Any CPU.ActiveCfg = Debug|Any CPU
		{8907891C-CCF7-4471-9454-F20967994E54}.Debug|Any CPU.Build.0 = Debug|Any CPU
		{8907891C-CCF7-4471-9454-F20967994E54}.Debug|Any CPU.Deploy.0 = Debug|Any CPU
		{8907891C-CCF7-4471-9454-F20967994E54}.Debug|iPhone.ActiveCfg = Debug|Any CPU
		{8907891C-CCF7-4471-9454-F20967994E54}.Debug|iPhone.Build.0 = Debug|Any CPU
		{8907891C-CCF7-4471-9454-F20967994E54}.Debug|iPhone.Deploy.0 = Debug|Any CPU
		{8907891C-CCF7-4471-9454-F20967994E54}.Debug|iPhoneSimulator.ActiveCfg = Debug|Any CPU
		{8907891C-CCF7-4471-9454-F20967994E54}.Debug|iPhoneSimulator.Build.0 = Debug|Any CPU
		{8907891C-CCF7-4471-9454-F20967994E54}.Debug|iPhoneSimulator.Deploy.0 = Debug|Any CPU
		{8907891C-CCF7-4471-9454-F20967994E54}.Release|Any CPU.ActiveCfg = Release|Any CPU
		{8907891C-CCF7-4471-9454-F20967994E54}.Release|Any CPU.Build.0 = Release|Any CPU
		{8907891C-CCF7-4471-9454-F20967994E54}.Release|Any CPU.Deploy.0 = Release|Any CPU
		{8907891C-CCF7-4471-9454-F20967994E54}.Release|iPhone.ActiveCfg = Release|Any CPU
		{8907891C-CCF7-4471-9454-F20967994E54}.Release|iPhone.Build.0 = Release|Any CPU
		{8907891C-CCF7-4471-9454-F20967994E54}.Release|iPhone.Deploy.0 = Release|Any CPU
		{8907891C-CCF7-4471-9454-F20967994E54}.Release|iPhoneSimulator.ActiveCfg = Release|Any CPU
		{8907891C-CCF7-4471-9454-F20967994E54}.Release|iPhoneSimulator.Build.0 = Release|Any CPU
		{8907891C-CCF7-4471-9454-F20967994E54}.Release|iPhoneSimulator.Deploy.0 = Release|Any CPU
	EndGlobalSection
	GlobalSection(SolutionProperties) = preSolution
		HideSolutionNode = FALSE
	EndGlobalSection
	GlobalSection(ExtensibilityGlobals) = postSolution
		SolutionGuid = {AB08DA17-DE99-44C1-BD5A-FD0502B16764}
	EndGlobalSection
EndGlobal
